
Microsoft Visual Studio Solution File, Format Version 12.00
# Visual Studio Version 17
VisualStudioVersion = 17.13.35825.156 d17.13
MinimumVisualStudioVersion = 10.0.40219.1
Project("{FAE04EC0-301F-11D3-BF4B-00C04F79EFBC}") = "lexicon_mp_12", "lexicon_mp_12.csproj", "{8C9D9553-A3A0-4BCD-BA57-20D24F75DC51}"
EndProject
Global
	GlobalSection(SolutionConfigurationPlatforms) = preSolution
		Debug|Any CPU = Debug|Any CPU
		Release|Any CPU = Release|Any CPU
	EndGlobalSection
	GlobalSection(ProjectConfigurationPlatforms) = postSolution
		{8C9D9553-A3A0-4BCD-BA57-20D24F75DC51}.Debug|Any CPU.ActiveCfg = Debug|Any CPU
		{8C9D9553-A3A0-4BCD-BA57-20D24F75DC51}.Debug|Any CPU.Build.0 = Debug|Any CPU
		{8C9D9553-A3A0-4BCD-BA57-20D24F75DC51}.Release|Any CPU.ActiveCfg = Release|Any CPU
		{8C9D9553-A3A0-4BCD-BA57-20D24F75DC51}.Release|Any CPU.Build.0 = Release|Any CPU
	EndGlobalSection
	GlobalSection(SolutionProperties) = preSolution
		HideSolutionNode = FALSE
	EndGlobalSection
	GlobalSection(ExtensibilityGlobals) = postSolution
		SolutionGuid = {69FFF405-3E6C-47EB-B417-DFE01F8D2926}
	EndGlobalSection
EndGlobal
